{
  "name": "movehat",
  "version": "0.0.0",
  "lockfileVersion": 3,
  "requires": true,
  "packages": {
    "": {
      "name": "movehat",
      "version": "0.0.0",
      "license": "MIT",
      "dependencies": {
        "@aptos-labs/ts-sdk": "^5.1.5",
        "cli-table3": "^0.6.5",
        "commander": "^14.0.2",
        "dotenv": "^17.2.3",
        "figures": "^6.1.0",
        "js-yaml": "^4.1.1",
        "ora": "^9.0.0",
        "picocolors": "^1.1.1",
        "prompts": "^2.4.2",
        "tsx": "^4.7.0"
      },
      "bin": {
        "movehat": "bin/movehat.js"
      },
      "devDependencies": {
        "@types/js-yaml": "^4.0.9",
        "@types/node": "^24.10.1",
        "@types/prompts": "^2.4.9",
        "typescript": "^5.9.3"
      },
      "engines": {
        "node": ">=20.0.0"
      }
    },
    "../../node_modules/.pnpm/@aptos-labs+ts-sdk@5.1.5_got@11.8.6/node_modules/@aptos-labs/ts-sdk": {
      "version": "5.1.5",
      "license": "Apache-2.0",
      "dependencies": {
        "@aptos-labs/aptos-cli": "^1.0.2",
        "@aptos-labs/aptos-client": "^2.0.0",
        "@noble/curves": "^1.9.0",
        "@noble/hashes": "^1.5.0",
        "@scure/bip32": "^1.4.0",
        "@scure/bip39": "^1.3.0",
        "eventemitter3": "^5.0.1",
        "js-base64": "^3.7.7",
        "jwt-decode": "^4.0.0",
        "poseidon-lite": "^0.2.0"
      },
      "devDependencies": {
        "@babel/traverse": "^7.28.4",
        "@cucumber/cucumber": "^12.2.0",
        "@eslint/eslintrc": "^3.3.1",
        "@graphql-codegen/cli": "^6.0.0",
        "@graphql-codegen/import-types-preset": "^3.0.1",
        "@graphql-codegen/typescript": "^5.0.0",
        "@graphql-codegen/typescript-graphql-request": "^6.3.0",
        "@graphql-codegen/typescript-operations": "^5.0.0",
        "@types/base-64": "^1.0.2",
        "@types/jest": "^29.5.14",
        "@types/jsonwebtoken": "^9.0.10",
        "@types/node": "^24.3.1",
        "@typescript-eslint/eslint-plugin": "^8.43.0",
        "@typescript-eslint/parser": "^8.43.0",
        "dotenv": "^16.4.7",
        "eslint": "^9.35.0",
        "eslint-config-airbnb-base": "^15.0.0",
        "eslint-config-prettier": "^10.1.8",
        "eslint-plugin-import": "^2.32.0",
        "globals": "^16.4.0",
        "graphql": "^16.11.0",
        "graphql-request": "^7.2.0",
        "jest": "^29.7.0",
        "jsonwebtoken": "^9.0.2",
        "prettier": "^3.6.2",
        "tree-kill": "^1.2.2",
        "ts-jest": "^29.4.1",
        "ts-loader": "^9.5.4",
        "tsup": "^8.5.0",
        "typedoc": "^0.28.12",
        "typedoc-plugin-missing-exports": "^4.1.0",
        "typescript": "^5.8.3"
      },
      "engines": {
        "node": ">=20.0.0"
      }
    },
    "../../node_modules/.pnpm/@types+js-yaml@4.0.9/node_modules/@types/js-yaml": {
      "version": "4.0.9",
      "dev": true,
      "license": "MIT"
    },
    "../../node_modules/.pnpm/@types+node@24.10.1/node_modules/@types/node": {
      "version": "24.10.1",
      "dev": true,
      "license": "MIT",
      "dependencies": {
        "undici-types": "~7.16.0"
      }
    },
    "../../node_modules/.pnpm/@types+prompts@2.4.9/node_modules/@types/prompts": {
      "version": "2.4.9",
      "dev": true,
      "license": "MIT",
      "dependencies": {
        "@types/node": "*",
        "kleur": "^3.0.3"
      }
    },
    "../../node_modules/.pnpm/cli-table3@0.6.5/node_modules/cli-table3": {
      "version": "0.6.5",
      "license": "MIT",
      "dependencies": {
        "string-width": "^4.2.0"
      },
      "devDependencies": {
        "cli-table": "^0.3.1",
        "eslint": "^6.0.0",
        "eslint-config-prettier": "^6.0.0",
        "eslint-plugin-prettier": "^3.0.0",
        "jest": "^25.2.4",
        "jest-runner-eslint": "^0.7.0",
        "lerna-changelog": "^1.0.1",
        "prettier": "2.3.2"
      },
      "engines": {
        "node": "10.* || >= 12.*"
      },
      "optionalDependencies": {
        "@colors/colors": "1.5.0"
      }
    },
    "../../node_modules/.pnpm/commander@14.0.2/node_modules/commander": {
      "version": "14.0.2",
      "license": "MIT",
      "devDependencies": {
        "@eslint/js": "^9.4.0",
        "@types/jest": "^30.0.0",
        "@types/node": "^22.7.4",
        "eslint": "^9.17.0",
        "eslint-config-prettier": "^10.0.1",
        "eslint-plugin-jest": "^29.0.1",
        "globals": "^16.0.0",
        "jest": "^30.0.3",
        "prettier": "^3.2.5",
        "ts-jest": "^29.0.3",
        "tsd": "^0.33.0",
        "typescript": "^5.0.4",
        "typescript-eslint": "^8.12.2"
      },
      "engines": {
        "node": ">=20"
      }
    },
    "../../node_modules/.pnpm/dotenv@17.2.3/node_modules/dotenv": {
      "version": "17.2.3",
      "license": "BSD-2-Clause",
      "devDependencies": {
        "@types/node": "^18.11.3",
        "decache": "^4.6.2",
        "sinon": "^14.0.1",
        "standard": "^17.0.0",
        "standard-version": "^9.5.0",
        "tap": "^19.2.0",
        "typescript": "^4.8.4"
      },
      "engines": {
        "node": ">=12"
      },
      "funding": {
        "url": "https://dotenvx.com"
      }
    },
    "../../node_modules/.pnpm/figures@6.1.0/node_modules/figures": {
      "version": "6.1.0",
      "license": "MIT",
      "dependencies": {
        "is-unicode-supported": "^2.0.0"
      },
      "devDependencies": {
        "ava": "^5.3.1",
        "tsd": "^0.29.0",
        "xo": "^0.56.0"
      },
      "engines": {
        "node": ">=18"
      },
      "funding": {
        "url": "https://github.com/sponsors/sindresorhus"
      }
    },
    "../../node_modules/.pnpm/js-yaml@4.1.1/node_modules/js-yaml": {
      "version": "4.1.1",
      "license": "MIT",
      "dependencies": {
        "argparse": "^2.0.1"
      },
      "bin": {
        "js-yaml": "bin/js-yaml.js"
      },
      "devDependencies": {
        "@rollup/plugin-commonjs": "^17.0.0",
        "@rollup/plugin-node-resolve": "^11.0.0",
        "ansi": "^0.3.1",
        "benchmark": "^2.1.4",
        "codemirror": "^5.13.4",
        "eslint": "^7.0.0",
        "fast-check": "^2.8.0",
        "gh-pages": "^3.1.0",
        "mocha": "^8.2.1",
        "nyc": "^15.1.0",
        "rollup": "^2.34.1",
        "rollup-plugin-node-polyfills": "^0.2.1",
        "rollup-plugin-terser": "^7.0.2",
        "shelljs": "^0.8.4"
      }
    },
    "../../node_modules/.pnpm/ora@9.0.0/node_modules/ora": {
      "version": "9.0.0",
      "license": "MIT",
      "dependencies": {
        "chalk": "^5.6.2",
        "cli-cursor": "^5.0.0",
        "cli-spinners": "^3.2.0",
        "is-interactive": "^2.0.0",
        "is-unicode-supported": "^2.1.0",
        "log-symbols": "^7.0.1",
        "stdin-discarder": "^0.2.2",
        "string-width": "^8.1.0",
        "strip-ansi": "^7.1.2"
      },
      "devDependencies": {
        "@types/node": "^24.5.0",
        "ava": "^6.4.1",
        "get-stream": "^9.0.1",
        "transform-tty": "^1.0.11",
        "tsd": "^0.33.0",
        "xo": "^1.2.2"
      },
      "engines": {
        "node": ">=20"
      },
      "funding": {
        "url": "https://github.com/sponsors/sindresorhus"
      }
    },
    "../../node_modules/.pnpm/picocolors@1.1.1/node_modules/picocolors": {
      "version": "1.1.1",
      "license": "ISC"
    },
    "../../node_modules/.pnpm/prompts@2.4.2/node_modules/prompts": {
      "version": "2.4.2",
      "license": "MIT",
      "dependencies": {
        "kleur": "^3.0.3",
        "sisteransi": "^1.0.5"
      },
      "devDependencies": {
        "@babel/cli": "^7.12.1",
        "@babel/core": "^7.12.3",
        "@babel/plugin-proposal-object-rest-spread": "^7.12.1",
        "@babel/preset-env": "^7.12.1",
        "tap-spec": "^2.2.2",
        "tape": "^4.13.3"
      },
      "engines": {
        "node": ">= 6"
      }
    },
    "../../node_modules/.pnpm/tsx@4.21.0/node_modules/tsx": {
      "version": "4.21.0",
      "license": "MIT",
      "dependencies": {
        "esbuild": "~0.27.0",
        "get-tsconfig": "^4.7.5"
      },
      "bin": {
        "tsx": "dist/cli.mjs"
      },
      "engines": {
        "node": ">=18.0.0"
      },
      "optionalDependencies": {
        "fsevents": "~2.3.3"
      }
    },
    "../../node_modules/.pnpm/typescript@5.9.3/node_modules/typescript": {
      "version": "5.9.3",
      "dev": true,
      "license": "Apache-2.0",
      "bin": {
        "tsc": "bin/tsc",
        "tsserver": "bin/tsserver"
      },
      "devDependencies": {
        "@dprint/formatter": "^0.4.1",
        "@dprint/typescript": "0.93.4",
        "@esfx/canceltoken": "^1.0.0",
        "@eslint/js": "^9.20.0",
        "@octokit/rest": "^21.1.1",
        "@types/chai": "^4.3.20",
        "@types/diff": "^7.0.1",
        "@types/minimist": "^1.2.5",
        "@types/mocha": "^10.0.10",
        "@types/ms": "^0.7.34",
        "@types/node": "latest",
        "@types/source-map-support": "^0.5.10",
        "@types/which": "^3.0.4",
        "@typescript-eslint/rule-tester": "^8.24.1",
        "@typescript-eslint/type-utils": "^8.24.1",
        "@typescript-eslint/utils": "^8.24.1",
        "azure-devops-node-api": "^14.1.0",
        "c8": "^10.1.3",
        "chai": "^4.5.0",
        "chokidar": "^4.0.3",
        "diff": "^7.0.0",
        "dprint": "^0.49.0",
        "esbuild": "^0.25.0",
        "eslint": "^9.20.1",
        "eslint-formatter-autolinkable-stylish": "^1.4.0",
        "eslint-plugin-regexp": "^2.7.0",
        "fast-xml-parser": "^4.5.2",
        "glob": "^10.4.5",
        "globals": "^15.15.0",
        "hereby": "^1.10.0",
        "jsonc-parser": "^3.3.1",
        "knip": "^5.44.4",
        "minimist": "^1.2.8",
        "mocha": "^10.8.2",
        "mocha-fivemat-progress-reporter": "^0.1.0",
        "monocart-coverage-reports": "^2.12.1",
        "ms": "^2.1.3",
        "picocolors": "^1.1.1",
        "playwright": "^1.50.1",
        "source-map-support": "^0.5.21",
        "tslib": "^2.8.1",
        "typescript": "^5.7.3",
        "typescript-eslint": "^8.24.1",
        "which": "^3.0.1"
      },
      "engines": {
        "node": ">=14.17"
      }
    },
    "node_modules/@aptos-labs/ts-sdk": {
      "resolved": "../../node_modules/.pnpm/@aptos-labs+ts-sdk@5.1.5_got@11.8.6/node_modules/@aptos-labs/ts-sdk",
      "link": true
    },
    "node_modules/@types/js-yaml": {
      "resolved": "../../node_modules/.pnpm/@types+js-yaml@4.0.9/node_modules/@types/js-yaml",
      "link": true
    },
    "node_modules/@types/node": {
      "resolved": "../../node_modules/.pnpm/@types+node@24.10.1/node_modules/@types/node",
      "link": true
    },
    "node_modules/@types/prompts": {
      "resolved": "../../node_modules/.pnpm/@types+prompts@2.4.9/node_modules/@types/prompts",
      "link": true
    },
    "node_modules/cli-table3": {
      "resolved": "../../node_modules/.pnpm/cli-table3@0.6.5/node_modules/cli-table3",
      "link": true
    },
    "node_modules/commander": {
      "resolved": "../../node_modules/.pnpm/commander@14.0.2/node_modules/commander",
      "link": true
    },
    "node_modules/dotenv": {
      "resolved": "../../node_modules/.pnpm/dotenv@17.2.3/node_modules/dotenv",
      "link": true
    },
    "node_modules/figures": {
      "resolved": "../../node_modules/.pnpm/figures@6.1.0/node_modules/figures",
      "link": true
    },
    "node_modules/js-yaml": {
      "resolved": "../../node_modules/.pnpm/js-yaml@4.1.1/node_modules/js-yaml",
      "link": true
    },
    "node_modules/ora": {
      "resolved": "../../node_modules/.pnpm/ora@9.0.0/node_modules/ora",
      "link": true
    },
    "node_modules/picocolors": {
      "resolved": "../../node_modules/.pnpm/picocolors@1.1.1/node_modules/picocolors",
      "link": true
    },
    "node_modules/prompts": {
      "resolved": "../../node_modules/.pnpm/prompts@2.4.2/node_modules/prompts",
      "link": true
    },
    "node_modules/tsx": {
      "resolved": "../../node_modules/.pnpm/tsx@4.21.0/node_modules/tsx",
      "link": true
    },
    "node_modules/typescript": {
      "resolved": "../../node_modules/.pnpm/typescript@5.9.3/node_modules/typescript",
      "link": true
    }
  }
}
